# THIS IS AN AUTOGENERATED FILE. DO NOT EDIT THIS FILE DIRECTLY.
# yarn lockfile v1


"@maxmind/geoip2-node@^2.3.1":
  version "2.3.1"
  resolved "https://registry.yarnpkg.com/@maxmind/geoip2-node/-/geoip2-node-2.3.1.tgz#f465bfec300b9a24ce14fc1acdd2b0d931b5674a"
  integrity sha512-iWxQiymqUJeZOm2GibQlOebZgEFly6SvTL1iALennYGPAsbBX+Iu50tz6xFGsO+2uoohDjPglx0h2TFZO7N2kQ==
  dependencies:
    camelcase-keys "^6.0.1"
    ip6addr "^0.2.3"
    lodash.set "^4.3.2"
    maxmind "^4.2.0"

assert-plus@1.0.0, assert-plus@^1.0.0:
  version "1.0.0"
  resolved "https://registry.yarnpkg.com/assert-plus/-/assert-plus-1.0.0.tgz#f12e0f3c5d77b0b1cdd9146942e4e96c1e4dd525"
  integrity sha1-8S4PPF13sLHN2RRpQuTpbB5N1SU=

camelcase-keys@^6.0.1:
  version "6.2.2"
  resolved "https://registry.yarnpkg.com/camelcase-keys/-/camelcase-keys-6.2.2.tgz#5e755d6ba51aa223ec7d3d52f25778210f9dc3c0"
  integrity sha512-YrwaA0vEKazPBkn0ipTiMpSajYDSe+KjQfrjhcBMxJt/znbvlHd8Pw/Vamaz5EB4Wfhs3SUR3Z9mwRu/P3s3Yg==
  dependencies:
    camelcase "^5.3.1"
    map-obj "^4.0.0"
    quick-lru "^4.0.1"

camelcase@^5.3.1:
  version "5.3.1"
  resolved "https://registry.yarnpkg.com/camelcase/-/camelcase-5.3.1.tgz#e3c9b31569e106811df242f715725a1f4c494320"
  integrity sha512-L28STB170nwWS63UjtlEOE3dldQApaJXZkOI1uMFfzf3rRuPegHaHesyee+YxQ+W6SvRDQV6UrdOdRiR153wJg==

core-util-is@1.0.2:
  version "1.0.2"
  resolved "https://registry.yarnpkg.com/core-util-is/-/core-util-is-1.0.2.tgz#b5fd54220aa2bc5ab57aab7140c940754503c1a7"
  integrity sha1-tf1UIgqivFq1eqtxQMlAdUUDwac=

extsprintf@1.3.0:
  version "1.3.0"
  resolved "https://registry.yarnpkg.com/extsprintf/-/extsprintf-1.3.0.tgz#96918440e3041a7a414f8c52e3c574eb3c3e1e05"
  integrity sha1-lpGEQOMEGnpBT4xS48V06zw+HgU=

extsprintf@^1.2.0:
  version "1.4.0"
  resolved "https://registry.yarnpkg.com/extsprintf/-/extsprintf-1.4.0.tgz#e2689f8f356fad62cca65a3a91c5df5f9551692f"
  integrity sha1-4mifjzVvrWLMplo6kcXfX5VRaS8=

ip6addr@^0.2.3:
  version "0.2.3"
  resolved "https://registry.yarnpkg.com/ip6addr/-/ip6addr-0.2.3.tgz#660df0d27092434f0aadee025aba8337c6d7d4d4"
  integrity sha512-qA9DXRAUW+lT47/i/4+Q3GHPwZjGt/atby1FH/THN6GVATA6+Pjp2nztH7k6iKeil7hzYnBwfSsxjthlJ8lJKw==
  dependencies:
    assert-plus "^1.0.0"
    jsprim "^1.4.0"

json-schema@0.2.3:
  version "0.2.3"
  resolved "https://registry.yarnpkg.com/json-schema/-/json-schema-0.2.3.tgz#b480c892e59a2f05954ce727bd3f2a4e882f9e13"
  integrity sha1-tIDIkuWaLwWVTOcnvT8qTogvnhM=

jsprim@^1.4.0:
  version "1.4.1"
  resolved "https://registry.yarnpkg.com/jsprim/-/jsprim-1.4.1.tgz#313e66bc1e5cc06e438bc1b7499c2e5c56acb6a2"
  integrity sha1-MT5mvB5cwG5Di8G3SZwuXFastqI=
  dependencies:
    assert-plus "1.0.0"
    extsprintf "1.3.0"
    json-schema "0.2.3"
    verror "1.10.0"

lodash.set@^4.3.2:
  version "4.3.2"
  resolved "https://registry.yarnpkg.com/lodash.set/-/lodash.set-4.3.2.tgz#d8757b1da807dde24816b0d6a84bea1a76230b23"
  integrity sha1-2HV7HagH3eJIFrDWqEvqGnYjCyM=

map-obj@^4.0.0:
  version "4.2.0"
  resolved "https://registry.yarnpkg.com/map-obj/-/map-obj-4.2.0.tgz#0e8bc823e2aaca8a0942567d12ed14f389eec153"
  integrity sha512-NAq0fCmZYGz9UFEQyndp7sisrow4GroyGeKluyKC/chuITZsPyOyC1UJZPJlVFImhXdROIP5xqouRLThT3BbpQ==

maxmind@^4.2.0:
  version "4.3.1"
  resolved "https://registry.yarnpkg.com/maxmind/-/maxmind-4.3.1.tgz#b20103f19e9fc12e4d1618814380d89a00f65770"
  integrity sha512-0CxAgwWIwQy4zF1/qCMOeUPleMTYgfnsuIsZ4Otzx6hzON4PCqivPiH6Kz7iWrC++KOGCbSB3nxkJMvDEdWt6g==
  dependencies:
    mmdb-lib "1.2.0"
    tiny-lru "7.0.6"

mmdb-lib@1.2.0:
  version "1.2.0"
  resolved "https://registry.yarnpkg.com/mmdb-lib/-/mmdb-lib-1.2.0.tgz#0ecd93f4942f65a2d09be0502fa9126939606727"
  integrity sha512-3XYebkStxqCgWJjsmT9FCaE19Yi4Tvs2SBPKhUks3rJJh52oF1AKAd9kei+LTutud3a6RCZ0o2Um96Fn7o3zVA==

quick-lru@^4.0.1:
  version "4.0.1"
  resolved "https://registry.yarnpkg.com/quick-lru/-/quick-lru-4.0.1.tgz#5b8878f113a58217848c6482026c73e1ba57727f"
  integrity sha512-ARhCpm70fzdcvNQfPoy49IaanKkTlRWF2JMzqhcJbhSFRZv7nPTvZJdcY7301IPmvW+/p0RgIWnQDLJxifsQ7g==

tiny-lru@7.0.6:
  version "7.0.6"
  resolved "https://registry.yarnpkg.com/tiny-lru/-/tiny-lru-7.0.6.tgz#b0c3cdede1e5882aa2d1ae21cb2ceccf2a331f24"
  integrity sha512-zNYO0Kvgn5rXzWpL0y3RS09sMK67eGaQj9805jlK9G6pSadfriTczzLHFXa/xcW4mIRfmlB9HyQ/+SgL0V1uow==

verror@1.10.0:
  version "1.10.0"
  resolved "https://registry.yarnpkg.com/verror/-/verror-1.10.0.tgz#3a105ca17053af55d6e270c1f8288682e18da400"
  integrity sha1-OhBcoXBTr1XW4nDB+CiGguGNpAA=
  dependencies:
    assert-plus "^1.0.0"
    core-util-is "1.0.2"
    extsprintf "^1.2.0"
